
Microsoft Visual Studio Solution File, Format Version 12.00
# Visual Studio Version 17
VisualStudioVersion = 17.8.34330.188
MinimumVisualStudioVersion = 10.0.40219.1
Project("{FAE04EC0-301F-11D3-BF4B-00C04F79EFBC}") = "Stationeers World Creator", "Stationeers World Creator\Stationeers World Creator.csproj", "{4163A413-3FB8-4166-8E5D-C60533F21040}"
EndProject
Global
	GlobalSection(SolutionConfigurationPlatforms) = preSolution
		Debug|Any CPU = Debug|Any CPU
		Release|Any CPU = Release|Any CPU
	EndGlobalSection
	GlobalSection(ProjectConfigurationPlatforms) = postSolution
		{4163A413-3FB8-4166-8E5D-C60533F21040}.Debug|Any CPU.ActiveCfg = Debug|Any CPU
		{4163A413-3FB8-4166-8E5D-C60533F21040}.Debug|Any CPU.Build.0 = Debug|Any CPU
		{4163A413-3FB8-4166-8E5D-C60533F21040}.Release|Any CPU.ActiveCfg = Release|Any CPU
		{4163A413-3FB8-4166-8E5D-C60533F21040}.Release|Any CPU.Build.0 = Release|Any CPU
	EndGlobalSection
	GlobalSection(SolutionProperties) = preSolution
		HideSolutionNode = FALSE
	EndGlobalSection
	GlobalSection(ExtensibilityGlobals) = postSolution
		SolutionGuid = {08047D4F-4C11-45F9-BCA3-AD3C761AF051}
	EndGlobalSection
EndGlobal
